
Microsoft Visual Studio Solution File, Format Version 12.00
# Visual Studio Version 16
VisualStudioVersion = 16.0.30517.126
MinimumVisualStudioVersion = 10.0.40219.1
Project("{FAE04EC0-301F-11D3-BF4B-00C04F79EFBC}") = "MoonPdfLib", "MoonPdfLib\MoonPdfLib.csproj", "{E5C5A57C-E464-4402-AD62-D6119EA92A8D}"
EndProject
Project("{FAE04EC0-301F-11D3-BF4B-00C04F79EFBC}") = "MoonPdf", "MoonPdf\MoonPdf.csproj", "{0A2C7E6D-E41B-444E-A74F-C396F7912D9D}"
EndProject
Project("{2150E333-8FDC-42A3-9474-1A3956D46DE8}") = "ThirdParty", "ThirdParty", "{FC019D2F-E7FE-4BBF-B742-6661BACE5D60}"
EndProject
Project("{9A19103F-16F7-4668-BE54-9A1E7A4F7556}") = "MoonPdfLibCore", "MoonPdfLibCore\MoonPdfLibCore.csproj", "{282AFD41-6C21-4828-9057-1D948EDD1136}"
EndProject
Project("{9A19103F-16F7-4668-BE54-9A1E7A4F7556}") = "MouseKeyHook", "..\..\globalmousekeyhook\MouseKeyHook\MouseKeyHook.csproj", "{4B74881C-8461-427B-9E66-F35DFD21D6D9}"
EndProject
Project("{FAE04EC0-301F-11D3-BF4B-00C04F79EFBC}") = "MouseKeyboardActivityMonitor", "..\ext\MouseKeyboardActivityMonitor\MouseKeyboardActivityMonitor.csproj", "{F52AA97E-180A-40ED-8F2B-09080171D6C7}"
EndProject
Project("{9A19103F-16F7-4668-BE54-9A1E7A4F7556}") = "MoonPdfCore", "MoonPdfCore\MoonPdfCore.csproj", "{65447A0C-6BC9-43F7-904A-72028717A5C7}"
EndProject
Global
	GlobalSection(SolutionConfigurationPlatforms) = preSolution
		Debug|x64 = Debug|x64
		Debug|x86 = Debug|x86
		Release|x64 = Release|x64
		Release|x86 = Release|x86
	EndGlobalSection
	GlobalSection(ProjectConfigurationPlatforms) = postSolution
		{E5C5A57C-E464-4402-AD62-D6119EA92A8D}.Debug|x64.ActiveCfg = Debug|x64
		{E5C5A57C-E464-4402-AD62-D6119EA92A8D}.Debug|x64.Build.0 = Debug|x64
		{E5C5A57C-E464-4402-AD62-D6119EA92A8D}.Debug|x86.ActiveCfg = Debug|x86
		{E5C5A57C-E464-4402-AD62-D6119EA92A8D}.Debug|x86.Build.0 = Debug|x86
		{E5C5A57C-E464-4402-AD62-D6119EA92A8D}.Release|x64.ActiveCfg = Release|x64
		{E5C5A57C-E464-4402-AD62-D6119EA92A8D}.Release|x64.Build.0 = Release|x64
		{E5C5A57C-E464-4402-AD62-D6119EA92A8D}.Release|x86.ActiveCfg = Release|x86
		{E5C5A57C-E464-4402-AD62-D6119EA92A8D}.Release|x86.Build.0 = Release|x86
		{0A2C7E6D-E41B-444E-A74F-C396F7912D9D}.Debug|x64.ActiveCfg = Debug|x64
		{0A2C7E6D-E41B-444E-A74F-C396F7912D9D}.Debug|x64.Build.0 = Debug|x64
		{0A2C7E6D-E41B-444E-A74F-C396F7912D9D}.Debug|x86.ActiveCfg = Debug|x86
		{0A2C7E6D-E41B-444E-A74F-C396F7912D9D}.Debug|x86.Build.0 = Debug|x86
		{0A2C7E6D-E41B-444E-A74F-C396F7912D9D}.Release|x64.ActiveCfg = Release|x64
		{0A2C7E6D-E41B-444E-A74F-C396F7912D9D}.Release|x64.Build.0 = Release|x64
		{0A2C7E6D-E41B-444E-A74F-C396F7912D9D}.Release|x86.ActiveCfg = Release|x86
		{0A2C7E6D-E41B-444E-A74F-C396F7912D9D}.Release|x86.Build.0 = Release|x86
		{282AFD41-6C21-4828-9057-1D948EDD1136}.Debug|x64.ActiveCfg = Debug|x64
		{282AFD41-6C21-4828-9057-1D948EDD1136}.Debug|x64.Build.0 = Debug|x64
		{282AFD41-6C21-4828-9057-1D948EDD1136}.Debug|x86.ActiveCfg = Debug|Any CPU
		{282AFD41-6C21-4828-9057-1D948EDD1136}.Debug|x86.Build.0 = Debug|Any CPU
		{282AFD41-6C21-4828-9057-1D948EDD1136}.Release|x64.ActiveCfg = Release|Any CPU
		{282AFD41-6C21-4828-9057-1D948EDD1136}.Release|x64.Build.0 = Release|Any CPU
		{282AFD41-6C21-4828-9057-1D948EDD1136}.Release|x86.ActiveCfg = Release|Any CPU
		{282AFD41-6C21-4828-9057-1D948EDD1136}.Release|x86.Build.0 = Release|Any CPU
		{4B74881C-8461-427B-9E66-F35DFD21D6D9}.Debug|x64.ActiveCfg = Debug|x64
		{4B74881C-8461-427B-9E66-F35DFD21D6D9}.Debug|x64.Build.0 = Debug|x64
		{4B74881C-8461-427B-9E66-F35DFD21D6D9}.Debug|x86.ActiveCfg = Debug|Any CPU
		{4B74881C-8461-427B-9E66-F35DFD21D6D9}.Debug|x86.Build.0 = Debug|Any CPU
		{4B74881C-8461-427B-9E66-F35DFD21D6D9}.Release|x64.ActiveCfg = Release|Any CPU
		{4B74881C-8461-427B-9E66-F35DFD21D6D9}.Release|x64.Build.0 = Release|Any CPU
		{4B74881C-8461-427B-9E66-F35DFD21D6D9}.Release|x86.ActiveCfg = Release|Any CPU
		{4B74881C-8461-427B-9E66-F35DFD21D6D9}.Release|x86.Build.0 = Release|Any CPU
		{F52AA97E-180A-40ED-8F2B-09080171D6C7}.Debug|x64.ActiveCfg = Debug|x64
		{F52AA97E-180A-40ED-8F2B-09080171D6C7}.Debug|x64.Build.0 = Debug|x64
		{F52AA97E-180A-40ED-8F2B-09080171D6C7}.Debug|x86.ActiveCfg = Debug|x86
		{F52AA97E-180A-40ED-8F2B-09080171D6C7}.Debug|x86.Build.0 = Debug|x86
		{F52AA97E-180A-40ED-8F2B-09080171D6C7}.Release|x64.ActiveCfg = Release|x64
		{F52AA97E-180A-40ED-8F2B-09080171D6C7}.Release|x64.Build.0 = Release|x64
		{F52AA97E-180A-40ED-8F2B-09080171D6C7}.Release|x86.ActiveCfg = Release|x86
		{F52AA97E-180A-40ED-8F2B-09080171D6C7}.Release|x86.Build.0 = Release|x86
		{65447A0C-6BC9-43F7-904A-72028717A5C7}.Debug|x64.ActiveCfg = Debug|x64
		{65447A0C-6BC9-43F7-904A-72028717A5C7}.Debug|x64.Build.0 = Debug|x64
		{65447A0C-6BC9-43F7-904A-72028717A5C7}.Debug|x86.ActiveCfg = Debug|Any CPU
		{65447A0C-6BC9-43F7-904A-72028717A5C7}.Debug|x86.Build.0 = Debug|Any CPU
		{65447A0C-6BC9-43F7-904A-72028717A5C7}.Release|x64.ActiveCfg = Release|Any CPU
		{65447A0C-6BC9-43F7-904A-72028717A5C7}.Release|x64.Build.0 = Release|Any CPU
		{65447A0C-6BC9-43F7-904A-72028717A5C7}.Release|x86.ActiveCfg = Release|Any CPU
		{65447A0C-6BC9-43F7-904A-72028717A5C7}.Release|x86.Build.0 = Release|Any CPU
	EndGlobalSection
	GlobalSection(SolutionProperties) = preSolution
		HideSolutionNode = FALSE
	EndGlobalSection
	GlobalSection(NestedProjects) = preSolution
		{4B74881C-8461-427B-9E66-F35DFD21D6D9} = {FC019D2F-E7FE-4BBF-B742-6661BACE5D60}
		{F52AA97E-180A-40ED-8F2B-09080171D6C7} = {FC019D2F-E7FE-4BBF-B742-6661BACE5D60}
	EndGlobalSection
	GlobalSection(ExtensibilityGlobals) = postSolution
		SolutionGuid = {30F29488-943F-4DE3-8573-35BA96BE3C5E}
	EndGlobalSection
EndGlobal
